
Microsoft Visual Studio Solution File, Format Version 12.00
# Visual Studio Version 17
VisualStudioVersion = 17.8.34330.188
MinimumVisualStudioVersion = 10.0.40219.1
Project("{FAE04EC0-301F-11D3-BF4B-00C04F79EFBC}") = "NamedPipeClientWPF", "NamedPipe\NamedPipeClientWPF.csproj", "{27DEBCB5-AF54-4BC5-B95B-54EB9EA36E87}"
EndProject
Project("{FAE04EC0-301F-11D3-BF4B-00C04F79EFBC}") = "NamedPipeServerWService", "NamedPipeServerWService\NamedPipeServerWService.csproj", "{549ABD04-F3DC-4EBD-8E20-670073464AA7}"
EndProject
Global
	GlobalSection(SolutionConfigurationPlatforms) = preSolution
		Debug|Any CPU = Debug|Any CPU
		Release|Any CPU = Release|Any CPU
	EndGlobalSection
	GlobalSection(ProjectConfigurationPlatforms) = postSolution
		{27DEBCB5-AF54-4BC5-B95B-54EB9EA36E87}.Debug|Any CPU.ActiveCfg = Debug|Any CPU
		{27DEBCB5-AF54-4BC5-B95B-54EB9EA36E87}.Debug|Any CPU.Build.0 = Debug|Any CPU
		{27DEBCB5-AF54-4BC5-B95B-54EB9EA36E87}.Release|Any CPU.ActiveCfg = Release|Any CPU
		{27DEBCB5-AF54-4BC5-B95B-54EB9EA36E87}.Release|Any CPU.Build.0 = Release|Any CPU
		{549ABD04-F3DC-4EBD-8E20-670073464AA7}.Debug|Any CPU.ActiveCfg = Debug|Any CPU
		{549ABD04-F3DC-4EBD-8E20-670073464AA7}.Debug|Any CPU.Build.0 = Debug|Any CPU
		{549ABD04-F3DC-4EBD-8E20-670073464AA7}.Release|Any CPU.ActiveCfg = Release|Any CPU
		{549ABD04-F3DC-4EBD-8E20-670073464AA7}.Release|Any CPU.Build.0 = Release|Any CPU
	EndGlobalSection
	GlobalSection(SolutionProperties) = preSolution
		HideSolutionNode = FALSE
	EndGlobalSection
	GlobalSection(ExtensibilityGlobals) = postSolution
		SolutionGuid = {1D978AFB-3A55-4E31-B578-CB8999FF92DF}
	EndGlobalSection
EndGlobal
